
Microsoft Visual Studio Solution File, Format Version 12.00
# Visual Studio 14
VisualStudioVersion = 14.0.23107.0
MinimumVisualStudioVersion = 10.0.40219.1
Project("{FAE04EC0-301F-11D3-BF4B-00C04F79EFBC}") = "tnteachershousing", "tnteachershousing\tnteachershousing.csproj", "{2DBE992D-96A0-4B8A-8F76-B0219CB81970}"
EndProject
Project("{FAE04EC0-301F-11D3-BF4B-00C04F79EFBC}") = "tnteachershousing.Tests", "tnteachershousing.Tests\tnteachershousing.Tests.csproj", "{8BC2CF0D-0A75-4FB5-B940-229D0D3A83F7}"
EndProject
Global
	GlobalSection(SolutionConfigurationPlatforms) = preSolution
		Debug|Any CPU = Debug|Any CPU
		Release|Any CPU = Release|Any CPU
	EndGlobalSection
	GlobalSection(ProjectConfigurationPlatforms) = postSolution
		{2DBE992D-96A0-4B8A-8F76-B0219CB81970}.Debug|Any CPU.ActiveCfg = Debug|Any CPU
		{2DBE992D-96A0-4B8A-8F76-B0219CB81970}.Debug|Any CPU.Build.0 = Debug|Any CPU
		{2DBE992D-96A0-4B8A-8F76-B0219CB81970}.Release|Any CPU.ActiveCfg = Release|Any CPU
		{2DBE992D-96A0-4B8A-8F76-B0219CB81970}.Release|Any CPU.Build.0 = Release|Any CPU
		{8BC2CF0D-0A75-4FB5-B940-229D0D3A83F7}.Debug|Any CPU.ActiveCfg = Debug|Any CPU
		{8BC2CF0D-0A75-4FB5-B940-229D0D3A83F7}.Debug|Any CPU.Build.0 = Debug|Any CPU
		{8BC2CF0D-0A75-4FB5-B940-229D0D3A83F7}.Release|Any CPU.ActiveCfg = Release|Any CPU
		{8BC2CF0D-0A75-4FB5-B940-229D0D3A83F7}.Release|Any CPU.Build.0 = Release|Any CPU
	EndGlobalSection
	GlobalSection(SolutionProperties) = preSolution
		HideSolutionNode = FALSE
	EndGlobalSection
EndGlobal
